// !$*UTF8*$!
{
	archiveVersion = 1;
	classes = {
	};
	objectVersion = 50;
	objects = {

/* Begin PBXBuildFile section */
		4A61EE5C0E534BA9066C303A /* Pods_simplefetchapi.framework in Frameworks */ = {isa = PBXBuildFile; fileRef = CD5D01A366A9286F0AF1DF19 /* Pods_simplefetchapi.framework */; };
		9F66B0E320EE30EA00F3A7B6 /* AppDelegate.swift in Sources */ = {isa = PBXBuildFile; fileRef = 9F66B0E220EE30EA00F3A7B6 /* AppDelegate.swift */; };
		9F66B0E520EE30EA00F3A7B6 /* ViewController.swift in Sources */ = {isa = PBXBuildFile; fileRef = 9F66B0E420EE30EA00F3A7B6 /* ViewController.swift */; };
		9F66B0E820EE30EA00F3A7B6 /* Main.storyboard in Resources */ = {isa = PBXBuildFile; fileRef = 9F66B0E620EE30EA00F3A7B6 /* Main.storyboard */; };
		9F66B0EB20EE30EA00F3A7B6 /* simplefetchapi.xcdatamodeld in Sources */ = {isa = PBXBuildFile; fileRef = 9F66B0E920EE30EA00F3A7B6 /* simplefetchapi.xcdatamodeld */; };
		9F66B0ED20EE30EB00F3A7B6 /* Assets.xcassets in Resources */ = {isa = PBXBuildFile; fileRef = 9F66B0EC20EE30EB00F3A7B6 /* Assets.xcassets */; };
		9F66B0F020EE30EB00F3A7B6 /* LaunchScreen.storyboard in Resources */ = {isa = PBXBuildFile; fileRef = 9F66B0EE20EE30EB00F3A7B6 /* LaunchScreen.storyboard */; };
		9F66B0FB20EE30EB00F3A7B6 /* simplefetchapiTests.swift in Sources */ = {isa = PBXBuildFile; fileRef = 9F66B0FA20EE30EB00F3A7B6 /* simplefetchapiTests.swift */; };
		9F66B10620EE30EB00F3A7B6 /* simplefetchapiUITests.swift in Sources */ = {isa = PBXBuildFile; fileRef = 9F66B10520EE30EB00F3A7B6 /* simplefetchapiUITests.swift */; };
		A7531365B0A88A2CFEA440BD /* Pods_simplefetchapiUITests.framework in Frameworks */ = {isa = PBXBuildFile; fileRef = DF41D69194F00B8D31E5AABC /* Pods_simplefetchapiUITests.framework */; };
		EB28933AE9D38E3993B9DA0C /* Pods_simplefetchapiTests.framework in Frameworks */ = {isa = PBXBuildFile; fileRef = 5C15F1DD24F540496E077A55 /* Pods_simplefetchapiTests.framework */; };
/* End PBXBuildFile section */

/* Begin PBXContainerItemProxy section */
		9F66B0F720EE30EB00F3A7B6 /* PBXContainerItemProxy */ = {
			isa = PBXContainerItemProxy;
			containerPortal = 9F66B0D720EE30EA00F3A7B6 /* Project object */;
			proxyType = 1;
			remoteGlobalIDString = 9F66B0DE20EE30EA00F3A7B6;
			remoteInfo = simplefetchapi;
		};
		9F66B10220EE30EB00F3A7B6 /* PBXContainerItemProxy */ = {
			isa = PBXContainerItemProxy;
			containerPortal = 9F66B0D720EE30EA00F3A7B6 /* Project object */;
			proxyType = 1;
			remoteGlobalIDString = 9F66B0DE20EE30EA00F3A7B6;
			remoteInfo = simplefetchapi;
		};
/* End PBXContainerItemProxy section */

/* Begin PBXFileReference section */
		019A4C2150539B304DDDC24B /* Pods-simplefetchapiTests.release.xcconfig */ = {isa = PBXFileReference; includeInIndex = 1; lastKnownFileType = text.xcconfig; name = "Pods-simplefetchapiTests.release.xcconfig"; path = "Pods/Target Support Files/Pods-simplefetchapiTests/Pods-simplefetchapiTests.release.xcconfig"; sourceTree = "<group>"; };
		08EA8909A64316E576850CD5 /* Pods-simplefetchapiUITests.debug.xcconfig */ = {isa = PBXFileReference; includeInIndex = 1; lastKnownFileType = text.xcconfig; name = "Pods-simplefetchapiUITests.debug.xcconfig"; path = "Pods/Target Support Files/Pods-simplefetchapiUITests/Pods-simplefetchapiUITests.debug.xcconfig"; sourceTree = "<group>"; };
		0FFC3F9060E7D65C5CAE91B8 /* Pods-simplefetchapi.release.xcconfig */ = {isa = PBXFileReference; includeInIndex = 1; lastKnownFileType = text.xcconfig; name = "Pods-simplefetchapi.release.xcconfig"; path = "Pods/Target Support Files/Pods-simplefetchapi/Pods-simplefetchapi.release.xcconfig"; sourceTree = "<group>"; };
		5C15F1DD24F540496E077A55 /* Pods_simplefetchapiTests.framework */ = {isa = PBXFileReference; explicitFileType = wrapper.framework; includeInIndex = 0; path = Pods_simplefetchapiTests.framework; sourceTree = BUILT_PRODUCTS_DIR; };
		7465C130063C5A540EABB4AD /* Pods-simplefetchapi.debug.xcconfig */ = {isa = PBXFileReference; includeInIndex = 1; lastKnownFileType = text.xcconfig; name = "Pods-simplefetchapi.debug.xcconfig"; path = "Pods/Target Support Files/Pods-simplefetchapi/Pods-simplefetchapi.debug.xcconfig"; sourceTree = "<group>"; };
		9F66B0DF20EE30EA00F3A7B6 /* simplefetchapi.app */ = {isa = PBXFileReference; explicitFileType = wrapper.application; includeInIndex = 0; path = simplefetchapi.app; sourceTree = BUILT_PRODUCTS_DIR; };
		9F66B0E220EE30EA00F3A7B6 /* AppDelegate.swift */ = {isa = PBXFileReference; lastKnownFileType = sourcecode.swift; path = AppDelegate.swift; sourceTree = "<group>"; };
		9F66B0E420EE30EA00F3A7B6 /* ViewController.swift */ = {isa = PBXFileReference; lastKnownFileType = sourcecode.swift; path = ViewController.swift; sourceTree = "<group>"; };
		9F66B0E720EE30EA00F3A7B6 /* Base */ = {isa = PBXFileReference; lastKnownFileType = file.storyboard; name = Base; path = Base.lproj/Main.storyboard; sourceTree = "<group>"; };
		9F66B0EA20EE30EA00F3A7B6 /* simplefetchapi.xcdatamodel */ = {isa = PBXFileReference; lastKnownFileType = wrapper.xcdatamodel; path = simplefetchapi.xcdatamodel; sourceTree = "<group>"; };
		9F66B0EC20EE30EB00F3A7B6 /* Assets.xcassets */ = {isa = PBXFileReference; lastKnownFileType = folder.assetcatalog; path = Assets.xcassets; sourceTree = "<group>"; };
		9F66B0EF20EE30EB00F3A7B6 /* Base */ = {isa = PBXFileReference; lastKnownFileType = file.storyboard; name = Base; path = Base.lproj/LaunchScreen.storyboard; sourceTree = "<group>"; };
		9F66B0F120EE30EB00F3A7B6 /* Info.plist */ = {isa = PBXFileReference; lastKnownFileType = text.plist.xml; path = Info.plist; sourceTree = "<group>"; };
		9F66B0F620EE30EB00F3A7B6 /* simplefetchapiTests.xctest */ = {isa = PBXFileReference; explicitFileType = wrapper.cfbundle; includeInIndex = 0; path = simplefetchapiTests.xctest; sourceTree = BUILT_PRODUCTS_DIR; };
		9F66B0FA20EE30EB00F3A7B6 /* simplefetchapiTests.swift */ = {isa = PBXFileReference; lastKnownFileType = sourcecode.swift; path = simplefetchapiTests.swift; sourceTree = "<group>"; };
		9F66B0FC20EE30EB00F3A7B6 /* Info.plist */ = {isa = PBXFileReference; lastKnownFileType = text.plist.xml; path = Info.plist; sourceTree = "<group>"; };
		9F66B10120EE30EB00F3A7B6 /* simplefetchapiUITests.xctest */ = {isa = PBXFileReference; explicitFileType = wrapper.cfbundle; includeInIndex = 0; path = simplefetchapiUITests.xctest; sourceTree = BUILT_PRODUCTS_DIR; };
		9F66B10520EE30EB00F3A7B6 /* simplefetchapiUITests.swift */ = {isa = PBXFileReference; lastKnownFileType = sourcecode.swift; path = simplefetchapiUITests.swift; sourceTree = "<group>"; };
		9F66B10720EE30EB00F3A7B6 /* Info.plist */ = {isa = PBXFileReference; lastKnownFileType = text.plist.xml; path = Info.plist; sourceTree = "<group>"; };
		AEB656CEBA5494D18ED49CE8 /* Pods-simplefetchapiUITests.release.xcconfig */ = {isa = PBXFileReference; includeInIndex = 1; lastKnownFileType = text.xcconfig; name = "Pods-simplefetchapiUITests.release.xcconfig"; path = "Pods/Target Support Files/Pods-simplefetchapiUITests/Pods-simplefetchapiUITests.release.xcconfig"; sourceTree = "<group>"; };
		BEE62952E7E6B2FE648B5C44 /* Pods-simplefetchapiTests.debug.xcconfig */ = {isa = PBXFileReference; includeInIndex = 1; lastKnownFileType = text.xcconfig; name = "Pods-simplefetchapiTests.debug.xcconfig"; path = "Pods/Target Support Files/Pods-simplefetchapiTests/Pods-simplefetchapiTests.debug.xcconfig"; sourceTree = "<group>"; };
		CD5D01A366A9286F0AF1DF19 /* Pods_simplefetchapi.framework */ = {isa = PBXFileReference; explicitFileType = wrapper.framework; includeInIndex = 0; path = Pods_simplefetchapi.framework; sourceTree = BUILT_PRODUCTS_DIR; };
		DF41D69194F00B8D31E5AABC /* Pods_simplefetchapiUITests.framework */ = {isa = PBXFileReference; explicitFileType = wrapper.framework; includeInIndex = 0; path = Pods_simplefetchapiUITests.framework; sourceTree = BUILT_PRODUCTS_DIR; };
/* End PBXFileReference section */

/* Begin PBXFrameworksBuildPhase section */
		9F66B0DC20EE30EA00F3A7B6 /* Frameworks */ = {
			isa = PBXFrameworksBuildPhase;
			buildActionMask = 2147483647;
			files = (
				4A61EE5C0E534BA9066C303A /* Pods_simplefetchapi.framework in Frameworks */,
			);
			runOnlyForDeploymentPostprocessing = 0;
		};
		9F66B0F320EE30EB00F3A7B6 /* Frameworks */ = {
			isa = PBXFrameworksBuildPhase;
			buildActionMask = 2147483647;
			files = (
				EB28933AE9D38E3993B9DA0C /* Pods_simplefetchapiTests.framework in Frameworks */,
			);
			runOnlyForDeploymentPostprocessing = 0;
		};
		9F66B0FE20EE30EB00F3A7B6 /* Frameworks */ = {
			isa = PBXFrameworksBuildPhase;
			buildActionMask = 2147483647;
			files = (
				A7531365B0A88A2CFEA440BD /* Pods_simplefetchapiUITests.framework in Frameworks */,
			);
			runOnlyForDeploymentPostprocessing = 0;
		};
/* End PBXFrameworksBuildPhase section */

/* Begin PBXGroup section */
		398A4226D677D68AE91D39AE /* Frameworks */ = {
			isa = PBXGroup;
			children = (
				CD5D01A366A9286F0AF1DF19 /* Pods_simplefetchapi.framework */,
				5C15F1DD24F540496E077A55 /* Pods_simplefetchapiTests.framework */,
				DF41D69194F00B8D31E5AABC /* Pods_simplefetchapiUITests.framework */,
			);
			name = Frameworks;
			sourceTree = "<group>";
		};
		4E1768DC975A71CE771E526A /* Pods */ = {
			isa = PBXGroup;
			children = (
				7465C130063C5A540EABB4AD /* Pods-simplefetchapi.debug.xcconfig */,
				0FFC3F9060E7D65C5CAE91B8 /* Pods-simplefetchapi.release.xcconfig */,
				BEE62952E7E6B2FE648B5C44 /* Pods-simplefetchapiTests.debug.xcconfig */,
				019A4C2150539B304DDDC24B /* Pods-simplefetchapiTests.release.xcconfig */,
				08EA8909A64316E576850CD5 /* Pods-simplefetchapiUITests.debug.xcconfig */,
				AEB656CEBA5494D18ED49CE8 /* Pods-simplefetchapiUITests.release.xcconfig */,
			);
			name = Pods;
			sourceTree = "<group>";
		};
		9F08F2A620FB082F003A95CF /* Base */ = {
			isa = PBXGroup;
			children = (
			);
			path = Base;
			sourceTree = "<group>";
		};
		9F08F2A720FB0836003A95CF /* Modules */ = {
			isa = PBXGroup;
			children = (
			);
			path = Modules;
			sourceTree = "<group>";
		};
		9F66B0D620EE30EA00F3A7B6 = {
			isa = PBXGroup;
			children = (
				9F66B0E120EE30EA00F3A7B6 /* simplefetchapi */,
				9F66B0F920EE30EB00F3A7B6 /* simplefetchapiTests */,
				9F66B10420EE30EB00F3A7B6 /* simplefetchapiUITests */,
				9F66B0E020EE30EA00F3A7B6 /* Products */,
				4E1768DC975A71CE771E526A /* Pods */,
				398A4226D677D68AE91D39AE /* Frameworks */,
			);
			sourceTree = "<group>";
		};
		9F66B0E020EE30EA00F3A7B6 /* Products */ = {
			isa = PBXGroup;
			children = (
				9F66B0DF20EE30EA00F3A7B6 /* simplefetchapi.app */,
				9F66B0F620EE30EB00F3A7B6 /* simplefetchapiTests.xctest */,
				9F66B10120EE30EB00F3A7B6 /* simplefetchapiUITests.xctest */,
			);
			name = Products;
			sourceTree = "<group>";
		};
		9F66B0E120EE30EA00F3A7B6 /* simplefetchapi */ = {
			isa = PBXGroup;
			children = (
				9F08F2A720FB0836003A95CF /* Modules */,
				9F08F2A620FB082F003A95CF /* Base */,
				9F66B0E220EE30EA00F3A7B6 /* AppDelegate.swift */,
				9F66B0E420EE30EA00F3A7B6 /* ViewController.swift */,
				9F66B0E620EE30EA00F3A7B6 /* Main.storyboard */,
				9F66B0EC20EE30EB00F3A7B6 /* Assets.xcassets */,
				9F66B0EE20EE30EB00F3A7B6 /* LaunchScreen.storyboard */,
				9F66B0F120EE30EB00F3A7B6 /* Info.plist */,
				9F66B0E920EE30EA00F3A7B6 /* simplefetchapi.xcdatamodeld */,
			);
			path = simplefetchapi;
			sourceTree = "<group>";
		};
		9F66B0F920EE30EB00F3A7B6 /* simplefetchapiTests */ = {
			isa = PBXGroup;
			children = (
				9F66B0FA20EE30EB00F3A7B6 /* simplefetchapiTests.swift */,
				9F66B0FC20EE30EB00F3A7B6 /* Info.plist */,
			);
			path = simplefetchapiTests;
			sourceTree = "<group>";
		};
		9F66B10420EE30EB00F3A7B6 /* simplefetchapiUITests */ = {
			isa = PBXGroup;
			children = (
				9F66B10520EE30EB00F3A7B6 /* simplefetchapiUITests.swift */,
				9F66B10720EE30EB00F3A7B6 /* Info.plist */,
			);
			path = simplefetchapiUITests;
			sourceTree = "<group>";
		};
/* End PBXGroup section */

/* Begin PBXNativeTarget section */
		9F66B0DE20EE30EA00F3A7B6 /* simplefetchapi */ = {
			isa = PBXNativeTarget;
			buildConfigurationList = 9F66B10A20EE30EB00F3A7B6 /* Build configuration list for PBXNativeTarget "simplefetchapi" */;
			buildPhases = (
				DB996B85F3D92EAA3C40BE1E /* [CP] Check Pods Manifest.lock */,
				9F66B0DB20EE30EA00F3A7B6 /* Sources */,
				9F66B0DC20EE30EA00F3A7B6 /* Frameworks */,
				9F66B0DD20EE30EA00F3A7B6 /* Resources */,
				78A71326C221564C76F58BB6 /* [CP] Embed Pods Frameworks */,
			);
			buildRules = (
			);
			dependencies = (
			);
			name = simplefetchapi;
			productName = simplefetchapi;
			productReference = 9F66B0DF20EE30EA00F3A7B6 /* simplefetchapi.app */;
			productType = "com.apple.product-type.application";
		};
		9F66B0F520EE30EB00F3A7B6 /* simplefetchapiTests */ = {
			isa = PBXNativeTarget;
			buildConfigurationList = 9F66B10D20EE30EB00F3A7B6 /* Build configuration list for PBXNativeTarget "simplefetchapiTests" */;
			buildPhases = (
				3E79BD73A1B19FD4E4E781D0 /* [CP] Check Pods Manifest.lock */,
				9F66B0F220EE30EB00F3A7B6 /* Sources */,
				9F66B0F320EE30EB00F3A7B6 /* Frameworks */,
				9F66B0F420EE30EB00F3A7B6 /* Resources */,
			);
			buildRules = (
			);
			dependencies = (
				9F66B0F820EE30EB00F3A7B6 /* PBXTargetDependency */,
			);
			name = simplefetchapiTests;
			productName = simplefetchapiTests;
			productReference = 9F66B0F620EE30EB00F3A7B6 /* simplefetchapiTests.xctest */;
			productType = "com.apple.product-type.bundle.unit-test";
		};
		9F66B10020EE30EB00F3A7B6 /* simplefetchapiUITests */ = {
			isa = PBXNativeTarget;
			buildConfigurationList = 9F66B11020EE30EB00F3A7B6 /* Build configuration list for PBXNativeTarget "simplefetchapiUITests" */;
			buildPhases = (
				F1091BFADD8E6652EBB6073B /* [CP] Check Pods Manifest.lock */,
				9F66B0FD20EE30EB00F3A7B6 /* Sources */,
				9F66B0FE20EE30EB00F3A7B6 /* Frameworks */,
				9F66B0FF20EE30EB00F3A7B6 /* Resources */,
			);
			buildRules = (
			);
			dependencies = (
				9F66B10320EE30EB00F3A7B6 /* PBXTargetDependency */,
			);
			name = simplefetchapiUITests;
			productName = simplefetchapiUITests;
			productReference = 9F66B10120EE30EB00F3A7B6 /* simplefetchapiUITests.xctest */;
			productType = "com.apple.product-type.bundle.ui-testing";
		};
/* End PBXNativeTarget section */

/* Begin PBXProject section */
		9F66B0D720EE30EA00F3A7B6 /* Project object */ = {
			isa = PBXProject;
			attributes = {
				LastSwiftUpdateCheck = 0940;
				LastUpgradeCheck = 0940;
				ORGANIZATIONNAME = "Fahmi Idris";
				TargetAttributes = {
					9F66B0DE20EE30EA00F3A7B6 = {
						CreatedOnToolsVersion = 9.4.1;
					};
					9F66B0F520EE30EB00F3A7B6 = {
						CreatedOnToolsVersion = 9.4.1;
						TestTargetID = 9F66B0DE20EE30EA00F3A7B6;
					};
					9F66B10020EE30EB00F3A7B6 = {
						CreatedOnToolsVersion = 9.4.1;
						TestTargetID = 9F66B0DE20EE30EA00F3A7B6;
					};
				};
			};
			buildConfigurationList = 9F66B0DA20EE30EA00F3A7B6 /* Build configuration list for PBXProject "simplefetchapi" */;
			compatibilityVersion = "Xcode 9.3";
			developmentRegion = en;
			hasScannedForEncodings = 0;
			knownRegions = (
				en,
				Base,
			);
			mainGroup = 9F66B0D620EE30EA00F3A7B6;
			productRefGroup = 9F66B0E020EE30EA00F3A7B6 /* Products */;
			projectDirPath = "";
			projectRoot = "";
			targets = (
				9F66B0DE20EE30EA00F3A7B6 /* simplefetchapi */,
				9F66B0F520EE30EB00F3A7B6 /* simplefetchapiTests */,
				9F66B10020EE30EB00F3A7B6 /* simplefetchapiUITests */,
			);
		};
/* End PBXProject section */

/* Begin PBXResourcesBuildPhase section */
		9F66B0DD20EE30EA00F3A7B6 /* Resources */ = {
			isa = PBXResourcesBuildPhase;
			buildActionMask = 2147483647;
			files = (
				9F66B0F020EE30EB00F3A7B6 /* LaunchScreen.storyboard in Resources */,
				9F66B0ED20EE30EB00F3A7B6 /* Assets.xcassets in Resources */,
				9F66B0E820EE30EA00F3A7B6 /* Main.storyboard in Resources */,
			);
			runOnlyForDeploymentPostprocessing = 0;
		};
		9F66B0F420EE30EB00F3A7B6 /* Resources */ = {
			isa = PBXResourcesBuildPhase;
			buildActionMask = 2147483647;
			files = (
			);
			runOnlyForDeploymentPostprocessing = 0;
		};
		9F66B0FF20EE30EB00F3A7B6 /* Resources */ = {
			isa = PBXResourcesBuildPhase;
			buildActionMask = 2147483647;
			files = (
			);
			runOnlyForDeploymentPostprocessing = 0;
		};
/* End PBXResourcesBuildPhase section */

/* Begin PBXShellScriptBuildPhase section */
		3E79BD73A1B19FD4E4E781D0 /* [CP] Check Pods Manifest.lock */ = {
			isa = PBXShellScriptBuildPhase;
			buildActionMask = 2147483647;
			files = (
			);
			inputPaths = (
				"${PODS_PODFILE_DIR_PATH}/Podfile.lock",
				"${PODS_ROOT}/Manifest.lock",
			);
			name = "[CP] Check Pods Manifest.lock";
			outputPaths = (
				"$(DERIVED_FILE_DIR)/Pods-simplefetchapiTests-checkManifestLockResult.txt",
			);
			runOnlyForDeploymentPostprocessing = 0;
			shellPath = /bin/sh;
			shellScript = "diff \"${PODS_PODFILE_DIR_PATH}/Podfile.lock\" \"${PODS_ROOT}/Manifest.lock\" > /dev/null\nif [ $? != 0 ] ; then\n    # print error to STDERR\n    echo \"error: The sandbox is not in sync with the Podfile.lock. Run 'pod install' or update your CocoaPods installation.\" >&2\n    exit 1\nfi\n# This output is used by Xcode 'outputs' to avoid re-running this script phase.\necho \"SUCCESS\" > \"${SCRIPT_OUTPUT_FILE_0}\"\n";
			showEnvVarsInLog = 0;
		};
		78A71326C221564C76F58BB6 /* [CP] Embed Pods Frameworks */ = {
			isa = PBXShellScriptBuildPhase;
			buildActionMask = 2147483647;
			files = (
			);
			inputPaths = (
				"${SRCROOT}/Pods/Target Support Files/Pods-simplefetchapi/Pods-simplefetchapi-frameworks.sh",
				"${BUILT_PRODUCTS_DIR}/Alamofire/Alamofire.framework",
			);
			name = "[CP] Embed Pods Frameworks";
			outputPaths = (
				"${TARGET_BUILD_DIR}/${FRAMEWORKS_FOLDER_PATH}/Alamofire.framework",
			);
			runOnlyForDeploymentPostprocessing = 0;
			shellPath = /bin/sh;
			shellScript = "\"${SRCROOT}/Pods/Target Support Files/Pods-simplefetchapi/Pods-simplefetchapi-frameworks.sh\"\n";
			showEnvVarsInLog = 0;
		};
		DB996B85F3D92EAA3C40BE1E /* [CP] Check Pods Manifest.lock */ = {
			isa = PBXShellScriptBuildPhase;
			buildActionMask = 2147483647;
			files = (
			);
			inputPaths = (
				"${PODS_PODFILE_DIR_PATH}/Podfile.lock",
				"${PODS_ROOT}/Manifest.lock",
			);
			name = "[CP] Check Pods Manifest.lock";
			outputPaths = (
				"$(DERIVED_FILE_DIR)/Pods-simplefetchapi-checkManifestLockResult.txt",
			);
			runOnlyForDeploymentPostprocessing = 0;
			shellPath = /bin/sh;
			shellScript = "diff \"${PODS_PODFILE_DIR_PATH}/Podfile.lock\" \"${PODS_ROOT}/Manifest.lock\" > /dev/null\nif [ $? != 0 ] ; then\n    # print error to STDERR\n    echo \"error: The sandbox is not in sync with the Podfile.lock. Run 'pod install' or update your CocoaPods installation.\" >&2\n    exit 1\nfi\n# This output is used by Xcode 'outputs' to avoid re-running this script phase.\necho \"SUCCESS\" > \"${SCRIPT_OUTPUT_FILE_0}\"\n";
			showEnvVarsInLog = 0;
		};
		F1091BFADD8E6652EBB6073B /* [CP] Check Pods Manifest.lock */ = {
			isa = PBXShellScriptBuildPhase;
			buildActionMask = 2147483647;
			files = (
			);
			inputPaths = (
				"${PODS_PODFILE_DIR_PATH}/Podfile.lock",
				"${PODS_ROOT}/Manifest.lock",
			);
			name = "[CP] Check Pods Manifest.lock";
			outputPaths = (
				"$(DERIVED_FILE_DIR)/Pods-simplefetchapiUITests-checkManifestLockResult.txt",
			);
			runOnlyForDeploymentPostprocessing = 0;
			shellPath = /bin/sh;
			shellScript = "diff \"${PODS_PODFILE_DIR_PATH}/Podfile.lock\" \"${PODS_ROOT}/Manifest.lock\" > /dev/null\nif [ $? != 0 ] ; then\n    # print error to STDERR\n    echo \"error: The sandbox is not in sync with the Podfile.lock. Run 'pod install' or update your CocoaPods installation.\" >&2\n    exit 1\nfi\n# This output is used by Xcode 'outputs' to avoid re-running this script phase.\necho \"SUCCESS\" > \"${SCRIPT_OUTPUT_FILE_0}\"\n";
			showEnvVarsInLog = 0;
		};
/* End PBXShellScriptBuildPhase section */

/* Begin PBXSourcesBuildPhase section */
		9F66B0DB20EE30EA00F3A7B6 /* Sources */ = {
			isa = PBXSourcesBuildPhase;
			buildActionMask = 2147483647;
			files = (
				9F66B0EB20EE30EA00F3A7B6 /* simplefetchapi.xcdatamodeld in Sources */,
				9F66B0E520EE30EA00F3A7B6 /* ViewController.swift in Sources */,
				9F66B0E320EE30EA00F3A7B6 /* AppDelegate.swift in Sources */,
			);
			runOnlyForDeploymentPostprocessing = 0;
		};
		9F66B0F220EE30EB00F3A7B6 /* Sources */ = {
			isa = PBXSourcesBuildPhase;
			buildActionMask = 2147483647;
			files = (
				9F66B0FB20EE30EB00F3A7B6 /* simplefetchapiTests.swift in Sources */,
			);
			runOnlyForDeploymentPostprocessing = 0;
		};
		9F66B0FD20EE30EB00F3A7B6 /* Sources */ = {
			isa = PBXSourcesBuildPhase;
			buildActionMask = 2147483647;
			files = (
				9F66B10620EE30EB00F3A7B6 /* simplefetchapiUITests.swift in Sources */,
			);
			runOnlyForDeploymentPostprocessing = 0;
		};
/* End PBXSourcesBuildPhase section */

/* Begin PBXTargetDependency section */
		9F66B0F820EE30EB00F3A7B6 /* PBXTargetDependency */ = {
			isa = PBXTargetDependency;
			target = 9F66B0DE20EE30EA00F3A7B6 /* simplefetchapi */;
			targetProxy = 9F66B0F720EE30EB00F3A7B6 /* PBXContainerItemProxy */;
		};
		9F66B10320EE30EB00F3A7B6 /* PBXTargetDependency */ = {
			isa = PBXTargetDependency;
			target = 9F66B0DE20EE30EA00F3A7B6 /* simplefetchapi */;
			targetProxy = 9F66B10220EE30EB00F3A7B6 /* PBXContainerItemProxy */;
		};
/* End PBXTargetDependency section */

/* Begin PBXVariantGroup section */
		9F66B0E620EE30EA00F3A7B6 /* Main.storyboard */ = {
			isa = PBXVariantGroup;
			children = (
				9F66B0E720EE30EA00F3A7B6 /* Base */,
			);
			name = Main.storyboard;
			sourceTree = "<group>";
		};
		9F66B0EE20EE30EB00F3A7B6 /* LaunchScreen.storyboard */ = {
			isa = PBXVariantGroup;
			children = (
				9F66B0EF20EE30EB00F3A7B6 /* Base */,
			);
			name = LaunchScreen.storyboard;
			sourceTree = "<group>";
		};
/* End PBXVariantGroup section */

/* Begin XCBuildConfiguration section */
		9F66B10820EE30EB00F3A7B6 /* Debug */ = {
			isa = XCBuildConfiguration;
			buildSettings = {
				ALWAYS_SEARCH_USER_PATHS = NO;
				CLANG_ANALYZER_NONNULL = YES;
				CLANG_ANALYZER_NUMBER_OBJECT_CONVERSION = YES_AGGRESSIVE;
				CLANG_CXX_LANGUAGE_STANDARD = "gnu++14";
				CLANG_CXX_LIBRARY = "libc++";
				CLANG_ENABLE_MODULES = YES;
				CLANG_ENABLE_OBJC_ARC = YES;
				CLANG_ENABLE_OBJC_WEAK = YES;
				CLANG_WARN_BLOCK_CAPTURE_AUTORELEASING = YES;
				CLANG_WARN_BOOL_CONVERSION = YES;
				CLANG_WARN_COMMA = YES;
				CLANG_WARN_CONSTANT_CONVERSION = YES;
				CLANG_WARN_DEPRECATED_OBJC_IMPLEMENTATIONS = YES;
				CLANG_WARN_DIRECT_OBJC_ISA_USAGE = YES_ERROR;
				CLANG_WARN_DOCUMENTATION_COMMENTS = YES;
				CLANG_WARN_EMPTY_BODY = YES;
				CLANG_WARN_ENUM_CONVERSION = YES;
				CLANG_WARN_INFINITE_RECURSION = YES;
				CLANG_WARN_INT_CONVERSION = YES;
				CLANG_WARN_NON_LITERAL_NULL_CONVERSION = YES;
				CLANG_WARN_OBJC_IMPLICIT_RETAIN_SELF = YES;
				CLANG_WARN_OBJC_LITERAL_CONVERSION = YES;
				CLANG_WARN_OBJC_ROOT_CLASS = YES_ERROR;
				CLANG_WARN_RANGE_LOOP_ANALYSIS = YES;
				CLANG_WARN_STRICT_PROTOTYPES = YES;
				CLANG_WARN_SUSPICIOUS_MOVE = YES;
				CLANG_WARN_UNGUARDED_AVAILABILITY = YES_AGGRESSIVE;
				CLANG_WARN_UNREACHABLE_CODE = YES;
				CLANG_WARN__DUPLICATE_METHOD_MATCH = YES;
				CODE_SIGN_IDENTITY = "iPhone Developer";
				COPY_PHASE_STRIP = NO;
				DEBUG_INFORMATION_FORMAT = dwarf;
				ENABLE_STRICT_OBJC_MSGSEND = YES;
				ENABLE_TESTABILITY = YES;
				GCC_C_LANGUAGE_STANDARD = gnu11;
				GCC_DYNAMIC_NO_PIC = NO;
				GCC_NO_COMMON_BLOCKS = YES;
				GCC_OPTIMIZATION_LEVEL = 0;
				GCC_PREPROCESSOR_DEFINITIONS = (
					"DEBUG=1",
					"$(inherited)",
				);
				GCC_WARN_64_TO_32_BIT_CONVERSION = YES;
				GCC_WARN_ABOUT_RETURN_TYPE = YES_ERROR;
				GCC_WARN_UNDECLARED_SELECTOR = YES;
				GCC_WARN_UNINITIALIZED_AUTOS = YES_AGGRESSIVE;
				GCC_WARN_UNUSED_FUNCTION = YES;
				GCC_WARN_UNUSED_VARIABLE = YES;
				IPHONEOS_DEPLOYMENT_TARGET = 11.4;
				MTL_ENABLE_DEBUG_INFO = YES;
				ONLY_ACTIVE_ARCH = YES;
				SDKROOT = iphoneos;
				SWIFT_ACTIVE_COMPILATION_CONDITIONS = DEBUG;
				SWIFT_OPTIMIZATION_LEVEL = "-Onone";
			};
			name = Debug;
		};
		9F66B10920EE30EB00F3A7B6 /* Release */ = {
			isa = XCBuildConfiguration;
			buildSettings = {
				ALWAYS_SEARCH_USER_PATHS = NO;
				CLANG_ANALYZER_NONNULL = YES;
				CLANG_ANALYZER_NUMBER_OBJECT_CONVERSION = YES_AGGRESSIVE;
				CLANG_CXX_LANGUAGE_STANDARD = "gnu++14";
				CLANG_CXX_LIBRARY = "libc++";
				CLANG_ENABLE_MODULES = YES;
				CLANG_ENABLE_OBJC_ARC = YES;
				CLANG_ENABLE_OBJC_WEAK = YES;
				CLANG_WARN_BLOCK_CAPTURE_AUTORELEASING = YES;
				CLANG_WARN_BOOL_CONVERSION = YES;
				CLANG_WARN_COMMA = YES;
				CLANG_WARN_CONSTANT_CONVERSION = YES;
				CLANG_WARN_DEPRECATED_OBJC_IMPLEMENTATIONS = YES;
				CLANG_WARN_DIRECT_OBJC_ISA_USAGE = YES_ERROR;
				CLANG_WARN_DOCUMENTATION_COMMENTS = YES;
				CLANG_WARN_EMPTY_BODY = YES;
				CLANG_WARN_ENUM_CONVERSION = YES;
				CLANG_WARN_INFINITE_RECURSION = YES;
				CLANG_WARN_INT_CONVERSION = YES;
				CLANG_WARN_NON_LITERAL_NULL_CONVERSION = YES;
				CLANG_WARN_OBJC_IMPLICIT_RETAIN_SELF = YES;
				CLANG_WARN_OBJC_LITERAL_CONVERSION = YES;
				CLANG_WARN_OBJC_ROOT_CLASS = YES_ERROR;
				CLANG_WARN_RANGE_LOOP_ANALYSIS = YES;
				CLANG_WARN_STRICT_PROTOTYPES = YES;
				CLANG_WARN_SUSPICIOUS_MOVE = YES;
				CLANG_WARN_UNGUARDED_AVAILABILITY = YES_AGGRESSIVE;
				CLANG_WARN_UNREACHABLE_CODE = YES;
				CLANG_WARN__DUPLICATE_METHOD_MATCH = YES;
				CODE_SIGN_IDENTITY = "iPhone Developer";
				COPY_PHASE_STRIP = NO;
				DEBUG_INFORMATION_FORMAT = "dwarf-with-dsym";
				ENABLE_NS_ASSERTIONS = NO;
				ENABLE_STRICT_OBJC_MSGSEND = YES;
				GCC_C_LANGUAGE_STANDARD = gnu11;
				GCC_NO_COMMON_BLOCKS = YES;
				GCC_WARN_64_TO_32_BIT_CONVERSION = YES;
				GCC_WARN_ABOUT_RETURN_TYPE = YES_ERROR;
				GCC_WARN_UNDECLARED_SELECTOR = YES;
				GCC_WARN_UNINITIALIZED_AUTOS = YES_AGGRESSIVE;
				GCC_WARN_UNUSED_FUNCTION = YES;
				GCC_WARN_UNUSED_VARIABLE = YES;
				IPHONEOS_DEPLOYMENT_TARGET = 11.4;
				MTL_ENABLE_DEBUG_INFO = NO;
				SDKROOT = iphoneos;
				SWIFT_COMPILATION_MODE = wholemodule;
				SWIFT_OPTIMIZATION_LEVEL = "-O";
				VALIDATE_PRODUCT = YES;
			};
			name = Release;
		};
		9F66B10B20EE30EB00F3A7B6 /* Debug */ = {
			isa = XCBuildConfiguration;
			baseConfigurationReference = 7465C130063C5A540EABB4AD /* Pods-simplefetchapi.debug.xcconfig */;
			buildSettings = {
				ASSETCATALOG_COMPILER_APPICON_NAME = AppIcon;
				CODE_SIGN_STYLE = Automatic;
				DEVELOPMENT_TEAM = EV8YPLTGX4;
				INFOPLIST_FILE = simplefetchapi/Info.plist;
				LD_RUNPATH_SEARCH_PATHS = (
					"$(inherited)",
					"@executable_path/Frameworks",
				);
				PRODUCT_BUNDLE_IDENTIFIER = com.nextdev.simplefetchapi;
				PRODUCT_NAME = "$(TARGET_NAME)";
				SWIFT_VERSION = 4.0;
				TARGETED_DEVICE_FAMILY = "1,2";
			};
			name = Debug;
		};
		9F66B10C20EE30EB00F3A7B6 /* Release */ = {
			isa = XCBuildConfiguration;
			baseConfigurationReference = 0FFC3F9060E7D65C5CAE91B8 /* Pods-simplefetchapi.release.xcconfig */;
			buildSettings = {
				ASSETCATALOG_COMPILER_APPICON_NAME = AppIcon;
				CODE_SIGN_STYLE = Automatic;
				DEVELOPMENT_TEAM = EV8YPLTGX4;
				INFOPLIST_FILE = simplefetchapi/Info.plist;
				LD_RUNPATH_SEARCH_PATHS = (
					"$(inherited)",
					"@executable_path/Frameworks",
				);
				PRODUCT_BUNDLE_IDENTIFIER = com.nextdev.simplefetchapi;
				PRODUCT_NAME = "$(TARGET_NAME)";
				SWIFT_VERSION = 4.0;
				TARGETED_DEVICE_FAMILY = "1,2";
			};
			name = Release;
		};
		9F66B10E20EE30EB00F3A7B6 /* Debug */ = {
			isa = XCBuildConfiguration;
			baseConfigurationReference = BEE62952E7E6B2FE648B5C44 /* Pods-simplefetchapiTests.debug.xcconfig */;
			buildSettings = {
				ALWAYS_EMBED_SWIFT_STANDARD_LIBRARIES = YES;
				BUNDLE_LOADER = "$(TEST_HOST)";
				CODE_SIGN_STYLE = Automatic;
				DEVELOPMENT_TEAM = EV8YPLTGX4;
				INFOPLIST_FILE = simplefetchapiTests/Info.plist;
				LD_RUNPATH_SEARCH_PATHS = (
					"$(inherited)",
					"@executable_path/Frameworks",
					"@loader_path/Frameworks",
				);
				PRODUCT_BUNDLE_IDENTIFIER = com.nextdev.simplefetchapiTests;
				PRODUCT_NAME = "$(TARGET_NAME)";
				SWIFT_VERSION = 4.0;
				TARGETED_DEVICE_FAMILY = "1,2";
				TEST_HOST = "$(BUILT_PRODUCTS_DIR)/simplefetchapi.app/simplefetchapi";
			};
			name = Debug;
		};
		9F66B10F20EE30EB00F3A7B6 /* Release */ = {
			isa = XCBuildConfiguration;
			baseConfigurationReference = 019A4C2150539B304DDDC24B /* Pods-simplefetchapiTests.release.xcconfig */;
			buildSettings = {
				ALWAYS_EMBED_SWIFT_STANDARD_LIBRARIES = YES;
				BUNDLE_LOADER = "$(TEST_HOST)";
				CODE_SIGN_STYLE = Automatic;
				DEVELOPMENT_TEAM = EV8YPLTGX4;
				INFOPLIST_FILE = simplefetchapiTests/Info.plist;
				LD_RUNPATH_SEARCH_PATHS = (
					"$(inherited)",
					"@executable_path/Frameworks",
					"@loader_path/Frameworks",
				);
				PRODUCT_BUNDLE_IDENTIFIER = com.nextdev.simplefetchapiTests;
				PRODUCT_NAME = "$(TARGET_NAME)";
				SWIFT_VERSION = 4.0;
				TARGETED_DEVICE_FAMILY = "1,2";
				TEST_HOST = "$(BUILT_PRODUCTS_DIR)/simplefetchapi.app/simplefetchapi";
			};
			name = Release;
		};
		9F66B11120EE30EB00F3A7B6 /* Debug */ = {
			isa = XCBuildConfiguration;
			baseConfigurationReference = 08EA8909A64316E576850CD5 /* Pods-simplefetchapiUITests.debug.xcconfig */;
			buildSettings = {
				ALWAYS_EMBED_SWIFT_STANDARD_LIBRARIES = YES;
				CODE_SIGN_STYLE = Automatic;
				DEVELOPMENT_TEAM = EV8YPLTGX4;
				INFOPLIST_FILE = simplefetchapiUITests/Info.plist;
				LD_RUNPATH_SEARCH_PATHS = (
					"$(inherited)",
					"@executable_path/Frameworks",
					"@loader_path/Frameworks",
				);
				PRODUCT_BUNDLE_IDENTIFIER = com.nextdev.simplefetchapiUITests;
				PRODUCT_NAME = "$(TARGET_NAME)";
				SWIFT_VERSION = 4.0;
				TARGETED_DEVICE_FAMILY = "1,2";
				TEST_TARGET_NAME = simplefetchapi;
			};
			name = Debug;
		};
		9F66B11220EE30EB00F3A7B6 /* Release */ = {
			isa = XCBuildConfiguration;
			baseConfigurationReference = AEB656CEBA5494D18ED49CE8 /* Pods-simplefetchapiUITests.release.xcconfig */;
			buildSettings = {
				ALWAYS_EMBED_SWIFT_STANDARD_LIBRARIES = YES;
				CODE_SIGN_STYLE = Automatic;
				DEVELOPMENT_TEAM = EV8YPLTGX4;
				INFOPLIST_FILE = simplefetchapiUITests/Info.plist;
				LD_RUNPATH_SEARCH_PATHS = (
					"$(inherited)",
					"@executable_path/Frameworks",
					"@loader_path/Frameworks",
				);
				PRODUCT_BUNDLE_IDENTIFIER = com.nextdev.simplefetchapiUITests;
				PRODUCT_NAME = "$(TARGET_NAME)";
				SWIFT_VERSION = 4.0;
				TARGETED_DEVICE_FAMILY = "1,2";
				TEST_TARGET_NAME = simplefetchapi;
			};
			name = Release;
		};
/* End XCBuildConfiguration section */

/* Begin XCConfigurationList section */
		9F66B0DA20EE30EA00F3A7B6 /* Build configuration list for PBXProject "simplefetchapi" */ = {
			isa = XCConfigurationList;
			buildConfigurations = (
				9F66B10820EE30EB00F3A7B6 /* Debug */,
				9F66B10920EE30EB00F3A7B6 /* Release */,
			);
			defaultConfigurationIsVisible = 0;
			defaultConfigurationName = Release;
		};
		9F66B10A20EE30EB00F3A7B6 /* Build configuration list for PBXNativeTarget "simplefetchapi" */ = {
			isa = XCConfigurationList;
			buildConfigurations = (
				9F66B10B20EE30EB00F3A7B6 /* Debug */,
				9F66B10C20EE30EB00F3A7B6 /* Release */,
			);
			defaultConfigurationIsVisible = 0;
			defaultConfigurationName = Release;
		};
		9F66B10D20EE30EB00F3A7B6 /* Build configuration list for PBXNativeTarget "simplefetchapiTests" */ = {
			isa = XCConfigurationList;
			buildConfigurations = (
				9F66B10E20EE30EB00F3A7B6 /* Debug */,
				9F66B10F20EE30EB00F3A7B6 /* Release */,
			);
			defaultConfigurationIsVisible = 0;
			defaultConfigurationName = Release;
		};
		9F66B11020EE30EB00F3A7B6 /* Build configuration list for PBXNativeTarget "simplefetchapiUITests" */ = {
			isa = XCConfigurationList;
			buildConfigurations = (
				9F66B11120EE30EB00F3A7B6 /* Debug */,
				9F66B11220EE30EB00F3A7B6 /* Release */,
			);
			defaultConfigurationIsVisible = 0;
			defaultConfigurationName = Release;
		};
/* End XCConfigurationList section */

/* Begin XCVersionGroup section */
		9F66B0E920EE30EA00F3A7B6 /* simplefetchapi.xcdatamodeld */ = {
			isa = XCVersionGroup;
			children = (
				9F66B0EA20EE30EA00F3A7B6 /* simplefetchapi.xcdatamodel */,
			);
			currentVersion = 9F66B0EA20EE30EA00F3A7B6 /* simplefetchapi.xcdatamodel */;
			path = simplefetchapi.xcdatamodeld;
			sourceTree = "<group>";
			versionGroupType = wrapper.xcdatamodel;
		};
/* End XCVersionGroup section */
	};
	rootObject = 9F66B0D720EE30EA00F3A7B6 /* Project object */;
}
